
Microsoft Visual Studio Solution File, Format Version 12.00
# Visual Studio Version 17
VisualStudioVersion = 17.9.34622.214
MinimumVisualStudioVersion = 10.0.40219.1
Project("{9A19103F-16F7-4668-BE54-9A1E7A4F7556}") = "FT260_I2CDotNet", "FT260_I2CDotNet\FT260_I2CDotNet.csproj", "{1A2A5581-C0DE-409B-B9A3-00A84EDE629E}"
EndProject
Project("{9A19103F-16F7-4668-BE54-9A1E7A4F7556}") = "Tests", "Tests\Tests.csproj", "{8515517C-2114-4E4C-9624-0567E0B3FCC7}"
EndProject
Project("{2150E333-8FDC-42A3-9474-1A3956D46DE8}") = "ci", "ci", "{D5B41067-4825-4793-8F94-C8C4148DA805}"
	ProjectSection(SolutionItems) = preProject
		.gitea\workflows\check_pull_request.yaml = .gitea\workflows\check_pull_request.yaml
	EndProjectSection
EndProject
Global
	GlobalSection(SolutionConfigurationPlatforms) = preSolution
		Debug|Any CPU = Debug|Any CPU
		Release|Any CPU = Release|Any CPU
	EndGlobalSection
	GlobalSection(ProjectConfigurationPlatforms) = postSolution
		{1A2A5581-C0DE-409B-B9A3-00A84EDE629E}.Debug|Any CPU.ActiveCfg = Debug|Any CPU
		{1A2A5581-C0DE-409B-B9A3-00A84EDE629E}.Debug|Any CPU.Build.0 = Debug|Any CPU
		{1A2A5581-C0DE-409B-B9A3-00A84EDE629E}.Release|Any CPU.ActiveCfg = Release|Any CPU
		{1A2A5581-C0DE-409B-B9A3-00A84EDE629E}.Release|Any CPU.Build.0 = Release|Any CPU
		{8515517C-2114-4E4C-9624-0567E0B3FCC7}.Debug|Any CPU.ActiveCfg = Debug|Any CPU
		{8515517C-2114-4E4C-9624-0567E0B3FCC7}.Debug|Any CPU.Build.0 = Debug|Any CPU
		{8515517C-2114-4E4C-9624-0567E0B3FCC7}.Release|Any CPU.ActiveCfg = Release|Any CPU
		{8515517C-2114-4E4C-9624-0567E0B3FCC7}.Release|Any CPU.Build.0 = Release|Any CPU
	EndGlobalSection
	GlobalSection(SolutionProperties) = preSolution
		HideSolutionNode = FALSE
	EndGlobalSection
	GlobalSection(ExtensibilityGlobals) = postSolution
		SolutionGuid = {1312BCC6-6D92-4262-B174-7FD251F921D2}
	EndGlobalSection
EndGlobal
